
Microsoft Visual Studio Solution File, Format Version 12.00
# Visual Studio 15
VisualStudioVersion = 15.0.35319.79
MinimumVisualStudioVersion = 10.0.40219.1
Project("{FAE04EC0-301F-11D3-BF4B-00C04F79EFBC}") = "FarkliSekillerinAlaniniHesaplama", "FarkliSekillerinAlaniniHesaplama\FarkliSekillerinAlaniniHesaplama.csproj", "{B08B5BB0-F644-428E-9E16-A635FFBB276D}"
EndProject
Global
	GlobalSection(SolutionConfigurationPlatforms) = preSolution
		Debug|Any CPU = Debug|Any CPU
		Release|Any CPU = Release|Any CPU
	EndGlobalSection
	GlobalSection(ProjectConfigurationPlatforms) = postSolution
		{B08B5BB0-F644-428E-9E16-A635FFBB276D}.Debug|Any CPU.ActiveCfg = Debug|Any CPU
		{B08B5BB0-F644-428E-9E16-A635FFBB276D}.Debug|Any CPU.Build.0 = Debug|Any CPU
		{B08B5BB0-F644-428E-9E16-A635FFBB276D}.Release|Any CPU.ActiveCfg = Release|Any CPU
		{B08B5BB0-F644-428E-9E16-A635FFBB276D}.Release|Any CPU.Build.0 = Release|Any CPU
	EndGlobalSection
	GlobalSection(SolutionProperties) = preSolution
		HideSolutionNode = FALSE
	EndGlobalSection
	GlobalSection(ExtensibilityGlobals) = postSolution
		SolutionGuid = {149C8B1C-6ADF-4A73-8A42-A88D2229527E}
	EndGlobalSection
EndGlobal
