
Microsoft Visual Studio Solution File, Format Version 12.00
# Visual Studio 15
VisualStudioVersion = 15.0.35319.79
MinimumVisualStudioVersion = 10.0.40219.1
Project("{FAE04EC0-301F-11D3-BF4B-00C04F79EFBC}") = "OgrenciNotSistemi", "OgrenciNotSistemi\OgrenciNotSistemi.csproj", "{1C9E916D-EE22-48E6-B3B7-105EE5281279}"
EndProject
Global
	GlobalSection(SolutionConfigurationPlatforms) = preSolution
		Debug|Any CPU = Debug|Any CPU
		Release|Any CPU = Release|Any CPU
	EndGlobalSection
	GlobalSection(ProjectConfigurationPlatforms) = postSolution
		{1C9E916D-EE22-48E6-B3B7-105EE5281279}.Debug|Any CPU.ActiveCfg = Debug|Any CPU
		{1C9E916D-EE22-48E6-B3B7-105EE5281279}.Debug|Any CPU.Build.0 = Debug|Any CPU
		{1C9E916D-EE22-48E6-B3B7-105EE5281279}.Release|Any CPU.ActiveCfg = Release|Any CPU
		{1C9E916D-EE22-48E6-B3B7-105EE5281279}.Release|Any CPU.Build.0 = Release|Any CPU
	EndGlobalSection
	GlobalSection(SolutionProperties) = preSolution
		HideSolutionNode = FALSE
	EndGlobalSection
	GlobalSection(ExtensibilityGlobals) = postSolution
		SolutionGuid = {5C44C33E-E9BD-4AFE-A3DB-ECFCFF370EAB}
	EndGlobalSection
EndGlobal
